
Microsoft Visual Studio Solution File, Format Version 12.00
# Visual Studio 15
VisualStudioVersion = 15.0.26228.10
MinimumVisualStudioVersion = 10.0.40219.1
Project("{FAE04EC0-301F-11D3-BF4B-00C04F79EFBC}") = "BasicExercises", "BasicExercises\BasicExercises.csproj", "{AD2F209B-D800-4A90-9632-3E058104CC98}"
EndProject
Project("{FAE04EC0-301F-11D3-BF4B-00C04F79EFBC}") = "Excercise2", "Excersis2\Excercise2.csproj", "{3982FB39-93EE-42D9-960F-D10902734F69}"
EndProject
Project("{FAE04EC0-301F-11D3-BF4B-00C04F79EFBC}") = "Exercise3", "Exercis3\Exercise3.csproj", "{D306B2FF-FFB5-4732-AAA3-E07936B6E5CF}"
EndProject
Project("{FAE04EC0-301F-11D3-BF4B-00C04F79EFBC}") = "Exercise4", "Exercise4\Exercise4.csproj", "{049358E3-F2ED-4CA4-B1ED-3FCEA4F3F433}"
EndProject
Project("{FAE04EC0-301F-11D3-BF4B-00C04F79EFBC}") = "Exercise5", "Exercise5\Exercise5.csproj", "{B379B7BE-AE56-48E5-86DF-1853E3EDF0F3}"
EndProject
Project("{FAE04EC0-301F-11D3-BF4B-00C04F79EFBC}") = "Exercise6", "Exercise6\Exercise6.csproj", "{59EC620D-DA42-4F42-893D-D511BFBB298E}"
EndProject
Project("{FAE04EC0-301F-11D3-BF4B-00C04F79EFBC}") = "Exercise7", "Exercise7\Exercise7.csproj", "{4500093F-F0F4-4BFA-BD2F-3024512FB624}"
EndProject
Project("{FAE04EC0-301F-11D3-BF4B-00C04F79EFBC}") = "Exercise8", "Exercise8\Exercise8.csproj", "{DEA1F7E7-9B6E-45E3-B91F-5BA6A1ED6B5B}"
EndProject
Project("{FAE04EC0-301F-11D3-BF4B-00C04F79EFBC}") = "Exercise9", "Exercise9\Exercise9.csproj", "{F668AE51-7719-4C52-AA48-353ABB261169}"
EndProject
Project("{FAE04EC0-301F-11D3-BF4B-00C04F79EFBC}") = "Exercise10", "Exercise10\Exercise10.csproj", "{DB3A4CC7-EC37-4C0B-9DDE-118157F3CB1C}"
EndProject
Project("{FAE04EC0-301F-11D3-BF4B-00C04F79EFBC}") = "Exercise12", "Exercise11\Exercise12.csproj", "{5E0E7A43-87DF-439C-AE0D-C6261E13B344}"
EndProject
Project("{FAE04EC0-301F-11D3-BF4B-00C04F79EFBC}") = "Exercise15", "Exercise15\Exercise15.csproj", "{69041E67-E0F4-4FEC-8E29-D5461B779E0C}"
EndProject
Project("{FAE04EC0-301F-11D3-BF4B-00C04F79EFBC}") = "Exercise16", "Exercise16\Exercise16.csproj", "{D632ED72-BC82-408C-9445-93954078B247}"
EndProject
Project("{FAE04EC0-301F-11D3-BF4B-00C04F79EFBC}") = "Exercise17", "Exercise17\Exercise17.csproj", "{5D9A84CA-7DB2-43C7-B55D-76EB9029BFE9}"
EndProject
Project("{FAE04EC0-301F-11D3-BF4B-00C04F79EFBC}") = "Exercise18", "Exercise18\Exercise18.csproj", "{CF45C780-80D8-49B5-A811-EAE83048B5F6}"
EndProject
Project("{FAE04EC0-301F-11D3-BF4B-00C04F79EFBC}") = "Exercise20", "Exercise20\Exercise20.csproj", "{78EE68A7-11E0-4224-A1D5-9BF0657D581F}"
EndProject
Project("{FAE04EC0-301F-11D3-BF4B-00C04F79EFBC}") = "Excercise22", "Excercise22\Excercise22.csproj", "{AEEA91B8-BCD5-4C7B-A7B1-0C3C64275DB3}"
EndProject
Project("{FAE04EC0-301F-11D3-BF4B-00C04F79EFBC}") = "Excercise23", "Excercise23\Excercise23.csproj", "{CA201AA9-7808-4519-AEB5-305C4596A43B}"
EndProject
Project("{FAE04EC0-301F-11D3-BF4B-00C04F79EFBC}") = "Exercise24", "Exercise24\Exercise24.csproj", "{9C41B01E-3964-4995-B357-F299080D77A5}"
EndProject
Project("{FAE04EC0-301F-11D3-BF4B-00C04F79EFBC}") = "Exercise25", "Exercise25\Exercise25.csproj", "{EDA310C3-89CF-4A7F-B89E-360BF089F84E}"
EndProject
Project("{FAE04EC0-301F-11D3-BF4B-00C04F79EFBC}") = "Exercise27", "Exercise27\Exercise27.csproj", "{6843A8A8-77A7-475C-85CE-33A183E3A1D1}"
EndProject
Global
	GlobalSection(SolutionConfigurationPlatforms) = preSolution
		Debug|Any CPU = Debug|Any CPU
		Release|Any CPU = Release|Any CPU
	EndGlobalSection
	GlobalSection(ProjectConfigurationPlatforms) = postSolution
		{AD2F209B-D800-4A90-9632-3E058104CC98}.Debug|Any CPU.ActiveCfg = Debug|Any CPU
		{AD2F209B-D800-4A90-9632-3E058104CC98}.Debug|Any CPU.Build.0 = Debug|Any CPU
		{AD2F209B-D800-4A90-9632-3E058104CC98}.Release|Any CPU.ActiveCfg = Release|Any CPU
		{AD2F209B-D800-4A90-9632-3E058104CC98}.Release|Any CPU.Build.0 = Release|Any CPU
		{3982FB39-93EE-42D9-960F-D10902734F69}.Debug|Any CPU.ActiveCfg = Debug|Any CPU
		{3982FB39-93EE-42D9-960F-D10902734F69}.Debug|Any CPU.Build.0 = Debug|Any CPU
		{3982FB39-93EE-42D9-960F-D10902734F69}.Release|Any CPU.ActiveCfg = Release|Any CPU
		{3982FB39-93EE-42D9-960F-D10902734F69}.Release|Any CPU.Build.0 = Release|Any CPU
		{D306B2FF-FFB5-4732-AAA3-E07936B6E5CF}.Debug|Any CPU.ActiveCfg = Debug|Any CPU
		{D306B2FF-FFB5-4732-AAA3-E07936B6E5CF}.Debug|Any CPU.Build.0 = Debug|Any CPU
		{D306B2FF-FFB5-4732-AAA3-E07936B6E5CF}.Release|Any CPU.ActiveCfg = Release|Any CPU
		{D306B2FF-FFB5-4732-AAA3-E07936B6E5CF}.Release|Any CPU.Build.0 = Release|Any CPU
		{049358E3-F2ED-4CA4-B1ED-3FCEA4F3F433}.Debug|Any CPU.ActiveCfg = Debug|Any CPU
		{049358E3-F2ED-4CA4-B1ED-3FCEA4F3F433}.Debug|Any CPU.Build.0 = Debug|Any CPU
		{049358E3-F2ED-4CA4-B1ED-3FCEA4F3F433}.Release|Any CPU.ActiveCfg = Release|Any CPU
		{049358E3-F2ED-4CA4-B1ED-3FCEA4F3F433}.Release|Any CPU.Build.0 = Release|Any CPU
		{B379B7BE-AE56-48E5-86DF-1853E3EDF0F3}.Debug|Any CPU.ActiveCfg = Debug|Any CPU
		{B379B7BE-AE56-48E5-86DF-1853E3EDF0F3}.Debug|Any CPU.Build.0 = Debug|Any CPU
		{B379B7BE-AE56-48E5-86DF-1853E3EDF0F3}.Release|Any CPU.ActiveCfg = Release|Any CPU
		{B379B7BE-AE56-48E5-86DF-1853E3EDF0F3}.Release|Any CPU.Build.0 = Release|Any CPU
		{59EC620D-DA42-4F42-893D-D511BFBB298E}.Debug|Any CPU.ActiveCfg = Debug|Any CPU
		{59EC620D-DA42-4F42-893D-D511BFBB298E}.Debug|Any CPU.Build.0 = Debug|Any CPU
		{59EC620D-DA42-4F42-893D-D511BFBB298E}.Release|Any CPU.ActiveCfg = Release|Any CPU
		{59EC620D-DA42-4F42-893D-D511BFBB298E}.Release|Any CPU.Build.0 = Release|Any CPU
		{4500093F-F0F4-4BFA-BD2F-3024512FB624}.Debug|Any CPU.ActiveCfg = Debug|Any CPU
		{4500093F-F0F4-4BFA-BD2F-3024512FB624}.Debug|Any CPU.Build.0 = Debug|Any CPU
		{4500093F-F0F4-4BFA-BD2F-3024512FB624}.Release|Any CPU.ActiveCfg = Release|Any CPU
		{4500093F-F0F4-4BFA-BD2F-3024512FB624}.Release|Any CPU.Build.0 = Release|Any CPU
		{DEA1F7E7-9B6E-45E3-B91F-5BA6A1ED6B5B}.Debug|Any CPU.ActiveCfg = Debug|Any CPU
		{DEA1F7E7-9B6E-45E3-B91F-5BA6A1ED6B5B}.Debug|Any CPU.Build.0 = Debug|Any CPU
		{DEA1F7E7-9B6E-45E3-B91F-5BA6A1ED6B5B}.Release|Any CPU.ActiveCfg = Release|Any CPU
		{DEA1F7E7-9B6E-45E3-B91F-5BA6A1ED6B5B}.Release|Any CPU.Build.0 = Release|Any CPU
		{F668AE51-7719-4C52-AA48-353ABB261169}.Debug|Any CPU.ActiveCfg = Debug|Any CPU
		{F668AE51-7719-4C52-AA48-353ABB261169}.Debug|Any CPU.Build.0 = Debug|Any CPU
		{F668AE51-7719-4C52-AA48-353ABB261169}.Release|Any CPU.ActiveCfg = Release|Any CPU
		{F668AE51-7719-4C52-AA48-353ABB261169}.Release|Any CPU.Build.0 = Release|Any CPU
		{DB3A4CC7-EC37-4C0B-9DDE-118157F3CB1C}.Debug|Any CPU.ActiveCfg = Debug|Any CPU
		{DB3A4CC7-EC37-4C0B-9DDE-118157F3CB1C}.Debug|Any CPU.Build.0 = Debug|Any CPU
		{DB3A4CC7-EC37-4C0B-9DDE-118157F3CB1C}.Release|Any CPU.ActiveCfg = Release|Any CPU
		{DB3A4CC7-EC37-4C0B-9DDE-118157F3CB1C}.Release|Any CPU.Build.0 = Release|Any CPU
		{5E0E7A43-87DF-439C-AE0D-C6261E13B344}.Debug|Any CPU.ActiveCfg = Debug|Any CPU
		{5E0E7A43-87DF-439C-AE0D-C6261E13B344}.Debug|Any CPU.Build.0 = Debug|Any CPU
		{5E0E7A43-87DF-439C-AE0D-C6261E13B344}.Release|Any CPU.ActiveCfg = Release|Any CPU
		{5E0E7A43-87DF-439C-AE0D-C6261E13B344}.Release|Any CPU.Build.0 = Release|Any CPU
		{69041E67-E0F4-4FEC-8E29-D5461B779E0C}.Debug|Any CPU.ActiveCfg = Debug|Any CPU
		{69041E67-E0F4-4FEC-8E29-D5461B779E0C}.Debug|Any CPU.Build.0 = Debug|Any CPU
		{69041E67-E0F4-4FEC-8E29-D5461B779E0C}.Release|Any CPU.ActiveCfg = Release|Any CPU
		{69041E67-E0F4-4FEC-8E29-D5461B779E0C}.Release|Any CPU.Build.0 = Release|Any CPU
		{D632ED72-BC82-408C-9445-93954078B247}.Debug|Any CPU.ActiveCfg = Debug|Any CPU
		{D632ED72-BC82-408C-9445-93954078B247}.Debug|Any CPU.Build.0 = Debug|Any CPU
		{D632ED72-BC82-408C-9445-93954078B247}.Release|Any CPU.ActiveCfg = Release|Any CPU
		{D632ED72-BC82-408C-9445-93954078B247}.Release|Any CPU.Build.0 = Release|Any CPU
		{5D9A84CA-7DB2-43C7-B55D-76EB9029BFE9}.Debug|Any CPU.ActiveCfg = Debug|Any CPU
		{5D9A84CA-7DB2-43C7-B55D-76EB9029BFE9}.Debug|Any CPU.Build.0 = Debug|Any CPU
		{5D9A84CA-7DB2-43C7-B55D-76EB9029BFE9}.Release|Any CPU.ActiveCfg = Release|Any CPU
		{5D9A84CA-7DB2-43C7-B55D-76EB9029BFE9}.Release|Any CPU.Build.0 = Release|Any CPU
		{CF45C780-80D8-49B5-A811-EAE83048B5F6}.Debug|Any CPU.ActiveCfg = Debug|Any CPU
		{CF45C780-80D8-49B5-A811-EAE83048B5F6}.Debug|Any CPU.Build.0 = Debug|Any CPU
		{CF45C780-80D8-49B5-A811-EAE83048B5F6}.Release|Any CPU.ActiveCfg = Release|Any CPU
		{CF45C780-80D8-49B5-A811-EAE83048B5F6}.Release|Any CPU.Build.0 = Release|Any CPU
		{78EE68A7-11E0-4224-A1D5-9BF0657D581F}.Debug|Any CPU.ActiveCfg = Debug|Any CPU
		{78EE68A7-11E0-4224-A1D5-9BF0657D581F}.Debug|Any CPU.Build.0 = Debug|Any CPU
		{78EE68A7-11E0-4224-A1D5-9BF0657D581F}.Release|Any CPU.ActiveCfg = Release|Any CPU
		{78EE68A7-11E0-4224-A1D5-9BF0657D581F}.Release|Any CPU.Build.0 = Release|Any CPU
		{AEEA91B8-BCD5-4C7B-A7B1-0C3C64275DB3}.Debug|Any CPU.ActiveCfg = Debug|Any CPU
		{AEEA91B8-BCD5-4C7B-A7B1-0C3C64275DB3}.Debug|Any CPU.Build.0 = Debug|Any CPU
		{AEEA91B8-BCD5-4C7B-A7B1-0C3C64275DB3}.Release|Any CPU.ActiveCfg = Release|Any CPU
		{AEEA91B8-BCD5-4C7B-A7B1-0C3C64275DB3}.Release|Any CPU.Build.0 = Release|Any CPU
		{CA201AA9-7808-4519-AEB5-305C4596A43B}.Debug|Any CPU.ActiveCfg = Debug|Any CPU
		{CA201AA9-7808-4519-AEB5-305C4596A43B}.Debug|Any CPU.Build.0 = Debug|Any CPU
		{CA201AA9-7808-4519-AEB5-305C4596A43B}.Release|Any CPU.ActiveCfg = Release|Any CPU
		{CA201AA9-7808-4519-AEB5-305C4596A43B}.Release|Any CPU.Build.0 = Release|Any CPU
		{9C41B01E-3964-4995-B357-F299080D77A5}.Debug|Any CPU.ActiveCfg = Debug|Any CPU
		{9C41B01E-3964-4995-B357-F299080D77A5}.Debug|Any CPU.Build.0 = Debug|Any CPU
		{9C41B01E-3964-4995-B357-F299080D77A5}.Release|Any CPU.ActiveCfg = Release|Any CPU
		{9C41B01E-3964-4995-B357-F299080D77A5}.Release|Any CPU.Build.0 = Release|Any CPU
		{EDA310C3-89CF-4A7F-B89E-360BF089F84E}.Debug|Any CPU.ActiveCfg = Debug|Any CPU
		{EDA310C3-89CF-4A7F-B89E-360BF089F84E}.Debug|Any CPU.Build.0 = Debug|Any CPU
		{EDA310C3-89CF-4A7F-B89E-360BF089F84E}.Release|Any CPU.ActiveCfg = Release|Any CPU
		{EDA310C3-89CF-4A7F-B89E-360BF089F84E}.Release|Any CPU.Build.0 = Release|Any CPU
		{6843A8A8-77A7-475C-85CE-33A183E3A1D1}.Debug|Any CPU.ActiveCfg = Debug|Any CPU
		{6843A8A8-77A7-475C-85CE-33A183E3A1D1}.Debug|Any CPU.Build.0 = Debug|Any CPU
		{6843A8A8-77A7-475C-85CE-33A183E3A1D1}.Release|Any CPU.ActiveCfg = Release|Any CPU
		{6843A8A8-77A7-475C-85CE-33A183E3A1D1}.Release|Any CPU.Build.0 = Release|Any CPU
	EndGlobalSection
	GlobalSection(SolutionProperties) = preSolution
		HideSolutionNode = FALSE
	EndGlobalSection
EndGlobal
